
Microsoft Visual Studio Solution File, Format Version 12.00
# Visual Studio 14
VisualStudioVersion = 14.0.25420.1
MinimumVisualStudioVersion = 10.0.40219.1
Project("{2150E333-8FDC-42A3-9474-1A3956D46DE8}") = "src", "src", "{DBE8D8D5-8C57-42D0-A897-563D9FE4467C}"
EndProject
Project("{2150E333-8FDC-42A3-9474-1A3956D46DE8}") = "Solution Items", "Solution Items", "{64B1A0B0-FE68-4CB0-9E2E-C8E0B28C4DAC}"
	ProjectSection(SolutionItems) = preProject
		global.json = global.json
	EndProjectSection
EndProject
Project("{8BB2217D-0F2D-49D1-97BC-3654ED321F3B}") = "HelloCoreWeb", "src\HelloCoreWeb\HelloCoreWeb.xproj", "{82D95FD7-C344-40C3-AFC6-DF7EAC2E44FD}"
EndProject
Global
	GlobalSection(SolutionConfigurationPlatforms) = preSolution
		Debug|Any CPU = Debug|Any CPU
		Release|Any CPU = Release|Any CPU
	EndGlobalSection
	GlobalSection(ProjectConfigurationPlatforms) = postSolution
		{82D95FD7-C344-40C3-AFC6-DF7EAC2E44FD}.Debug|Any CPU.ActiveCfg = Debug|Any CPU
		{82D95FD7-C344-40C3-AFC6-DF7EAC2E44FD}.Debug|Any CPU.Build.0 = Debug|Any CPU
		{82D95FD7-C344-40C3-AFC6-DF7EAC2E44FD}.Release|Any CPU.ActiveCfg = Release|Any CPU
		{82D95FD7-C344-40C3-AFC6-DF7EAC2E44FD}.Release|Any CPU.Build.0 = Release|Any CPU
	EndGlobalSection
	GlobalSection(SolutionProperties) = preSolution
		HideSolutionNode = FALSE
	EndGlobalSection
	GlobalSection(NestedProjects) = preSolution
		{82D95FD7-C344-40C3-AFC6-DF7EAC2E44FD} = {DBE8D8D5-8C57-42D0-A897-563D9FE4467C}
	EndGlobalSection
EndGlobal
